
Microsoft Visual Studio Solution File, Format Version 12.00
# Visual Studio 14
VisualStudioVersion = 14.0.25420.1
MinimumVisualStudioVersion = 10.0.40219.1
Project("{FAE04EC0-301F-11D3-BF4B-00C04F79EFBC}") = "MakeTrainingSet", "MakeTrainingSet\MakeTrainingSet.csproj", "{F970FD8C-C294-4408-900E-CF1BACC2359C}"
EndProject
Global
	GlobalSection(SolutionConfigurationPlatforms) = preSolution
		Debug|Any CPU = Debug|Any CPU
		Release|Any CPU = Release|Any CPU
	EndGlobalSection
	GlobalSection(ProjectConfigurationPlatforms) = postSolution
		{F970FD8C-C294-4408-900E-CF1BACC2359C}.Debug|Any CPU.ActiveCfg = Debug|Any CPU
		{F970FD8C-C294-4408-900E-CF1BACC2359C}.Debug|Any CPU.Build.0 = Debug|Any CPU
		{F970FD8C-C294-4408-900E-CF1BACC2359C}.Release|Any CPU.ActiveCfg = Release|Any CPU
		{F970FD8C-C294-4408-900E-CF1BACC2359C}.Release|Any CPU.Build.0 = Release|Any CPU
	EndGlobalSection
	GlobalSection(SolutionProperties) = preSolution
		HideSolutionNode = FALSE
	EndGlobalSection
EndGlobal
